
Microsoft Visual Studio Solution File, Format Version 10.00
# Visual C++ Express 2008
Project("{8BC9CEB8-8B4A-11D0-8D11-00A0C91BC942}") = "libconspire", "libconspire\libconspire.vcproj", "{4AFE7DF6-71B2-4D56-AF19-1B4E197A80C2}"
EndProject
Project("{8BC9CEB8-8B4A-11D0-8D11-00A0C91BC942}") = "conspire", "conspire\conspire.vcproj", "{E0D757F4-9508-438D-9E16-B5A850140EBB}"
	ProjectSection(ProjectDependencies) = postProject
		{4AFE7DF6-71B2-4D56-AF19-1B4E197A80C2} = {4AFE7DF6-71B2-4D56-AF19-1B4E197A80C2}
	EndProjectSection
EndProject
Global
	GlobalSection(SolutionConfigurationPlatforms) = preSolution
		Debug|Win32 = Debug|Win32
		Release|Win32 = Release|Win32
	EndGlobalSection
	GlobalSection(ProjectConfigurationPlatforms) = postSolution
		{4AFE7DF6-71B2-4D56-AF19-1B4E197A80C2}.Debug|Win32.ActiveCfg = Debug|Win32
		{4AFE7DF6-71B2-4D56-AF19-1B4E197A80C2}.Debug|Win32.Build.0 = Debug|Win32
		{4AFE7DF6-71B2-4D56-AF19-1B4E197A80C2}.Release|Win32.ActiveCfg = Release|Win32
		{4AFE7DF6-71B2-4D56-AF19-1B4E197A80C2}.Release|Win32.Build.0 = Release|Win32
		{E0D757F4-9508-438D-9E16-B5A850140EBB}.Debug|Win32.ActiveCfg = Debug|Win32
		{E0D757F4-9508-438D-9E16-B5A850140EBB}.Debug|Win32.Build.0 = Debug|Win32
		{E0D757F4-9508-438D-9E16-B5A850140EBB}.Release|Win32.ActiveCfg = Release|Win32
		{E0D757F4-9508-438D-9E16-B5A850140EBB}.Release|Win32.Build.0 = Release|Win32
	EndGlobalSection
	GlobalSection(SolutionProperties) = preSolution
		HideSolutionNode = FALSE
	EndGlobalSection
EndGlobal
